
Microsoft Visual Studio Solution File, Format Version 12.00
# Visual Studio Version 17
VisualStudioVersion = 17.8.34511.84
MinimumVisualStudioVersion = 10.0.40219.1
Project("{8BC9CEB8-8B4A-11D0-8D11-00A0C91BC942}") = "Weave", "Weave\Weave.vcxproj", "{A56739BE-C080-4153-84EE-6BC6D6DCFD15}"
EndProject
Global
	GlobalSection(SolutionConfigurationPlatforms) = preSolution
		Debug|x64 = Debug|x64
		Release|x64 = Release|x64
	EndGlobalSection
	GlobalSection(ProjectConfigurationPlatforms) = postSolution
		{A56739BE-C080-4153-84EE-6BC6D6DCFD15}.Debug|x64.ActiveCfg = Debug|x64
		{A56739BE-C080-4153-84EE-6BC6D6DCFD15}.Debug|x64.Build.0 = Debug|x64
		{A56739BE-C080-4153-84EE-6BC6D6DCFD15}.Release|x64.ActiveCfg = Release|x64
		{A56739BE-C080-4153-84EE-6BC6D6DCFD15}.Release|x64.Build.0 = Release|x64
	EndGlobalSection
	GlobalSection(SolutionProperties) = preSolution
		HideSolutionNode = FALSE
	EndGlobalSection
	GlobalSection(ExtensibilityGlobals) = postSolution
		SolutionGuid = {3700200B-4A8C-4866-ABBE-4F35F790668C}
	EndGlobalSection
EndGlobal
